// !$*UTF8*$!
{
	archiveVersion = 1;
	classes = {
	};
	objectVersion = 50;
	objects = {

/* Begin PBXBuildFile section */
		4048816F22AC15E800228841 /* AppDelegate.swift in Sources */ = {isa = PBXBuildFile; fileRef = 4048816E22AC15E800228841 /* AppDelegate.swift */; };
		4048817122AC15E800228841 /* ViewController.swift in Sources */ = {isa = PBXBuildFile; fileRef = 4048817022AC15E800228841 /* ViewController.swift */; };
		4048817422AC15E800228841 /* Main.storyboard in Resources */ = {isa = PBXBuildFile; fileRef = 4048817222AC15E800228841 /* Main.storyboard */; };
		4048817622AC15E900228841 /* Assets.xcassets in Resources */ = {isa = PBXBuildFile; fileRef = 4048817522AC15E900228841 /* Assets.xcassets */; };
		4048817922AC15E900228841 /* LaunchScreen.storyboard in Resources */ = {isa = PBXBuildFile; fileRef = 4048817722AC15E900228841 /* LaunchScreen.storyboard */; };
		4048818422AC15E900228841 /* InventoryTests.swift in Sources */ = {isa = PBXBuildFile; fileRef = 4048818322AC15E900228841 /* InventoryTests.swift */; };
		4048818F22AC15E900228841 /* InventoryUITests.swift in Sources */ = {isa = PBXBuildFile; fileRef = 4048818E22AC15E900228841 /* InventoryUITests.swift */; };
		4048819D22AC166900228841 /* Jenkinsfile in Resources */ = {isa = PBXBuildFile; fileRef = 4048819C22AC166900228841 /* Jenkinsfile */; };
		4048819F22AC167500228841 /* InventoryUITestsCS3260.swift in Sources */ = {isa = PBXBuildFile; fileRef = 4048819E22AC167500228841 /* InventoryUITestsCS3260.swift */; };
		404881A122AC194F00228841 /* EditViewController.swift in Sources */ = {isa = PBXBuildFile; fileRef = 404881A022AC194F00228841 /* EditViewController.swift */; };
		404881A322AC196500228841 /* AddViewController.swift in Sources */ = {isa = PBXBuildFile; fileRef = 404881A222AC196500228841 /* AddViewController.swift */; };
/* End PBXBuildFile section */

/* Begin PBXContainerItemProxy section */
		4048818022AC15E900228841 /* PBXContainerItemProxy */ = {
			isa = PBXContainerItemProxy;
			containerPortal = 4048816322AC15E800228841 /* Project object */;
			proxyType = 1;
			remoteGlobalIDString = 4048816A22AC15E800228841;
			remoteInfo = Inventory;
		};
		4048818B22AC15E900228841 /* PBXContainerItemProxy */ = {
			isa = PBXContainerItemProxy;
			containerPortal = 4048816322AC15E800228841 /* Project object */;
			proxyType = 1;
			remoteGlobalIDString = 4048816A22AC15E800228841;
			remoteInfo = Inventory;
		};
/* End PBXContainerItemProxy section */

/* Begin PBXFileReference section */
		4048816B22AC15E800228841 /* Inventory.app */ = {isa = PBXFileReference; explicitFileType = wrapper.application; includeInIndex = 0; path = Inventory.app; sourceTree = BUILT_PRODUCTS_DIR; };
		4048816E22AC15E800228841 /* AppDelegate.swift */ = {isa = PBXFileReference; lastKnownFileType = sourcecode.swift; path = AppDelegate.swift; sourceTree = "<group>"; };
		4048817022AC15E800228841 /* ViewController.swift */ = {isa = PBXFileReference; lastKnownFileType = sourcecode.swift; path = ViewController.swift; sourceTree = "<group>"; };
		4048817322AC15E800228841 /* Base */ = {isa = PBXFileReference; lastKnownFileType = file.storyboard; name = Base; path = Base.lproj/Main.storyboard; sourceTree = "<group>"; };
		4048817522AC15E900228841 /* Assets.xcassets */ = {isa = PBXFileReference; lastKnownFileType = folder.assetcatalog; path = Assets.xcassets; sourceTree = "<group>"; };
		4048817822AC15E900228841 /* Base */ = {isa = PBXFileReference; lastKnownFileType = file.storyboard; name = Base; path = Base.lproj/LaunchScreen.storyboard; sourceTree = "<group>"; };
		4048817A22AC15E900228841 /* Info.plist */ = {isa = PBXFileReference; lastKnownFileType = text.plist.xml; path = Info.plist; sourceTree = "<group>"; };
		4048817F22AC15E900228841 /* InventoryTests.xctest */ = {isa = PBXFileReference; explicitFileType = wrapper.cfbundle; includeInIndex = 0; path = InventoryTests.xctest; sourceTree = BUILT_PRODUCTS_DIR; };
		4048818322AC15E900228841 /* InventoryTests.swift */ = {isa = PBXFileReference; lastKnownFileType = sourcecode.swift; path = InventoryTests.swift; sourceTree = "<group>"; };
		4048818522AC15E900228841 /* Info.plist */ = {isa = PBXFileReference; lastKnownFileType = text.plist.xml; path = Info.plist; sourceTree = "<group>"; };
		4048818A22AC15E900228841 /* InventoryUITests.xctest */ = {isa = PBXFileReference; explicitFileType = wrapper.cfbundle; includeInIndex = 0; path = InventoryUITests.xctest; sourceTree = BUILT_PRODUCTS_DIR; };
		4048818E22AC15E900228841 /* InventoryUITests.swift */ = {isa = PBXFileReference; lastKnownFileType = sourcecode.swift; path = InventoryUITests.swift; sourceTree = "<group>"; };
		4048819022AC15E900228841 /* Info.plist */ = {isa = PBXFileReference; lastKnownFileType = text.plist.xml; path = Info.plist; sourceTree = "<group>"; };
		4048819C22AC166900228841 /* Jenkinsfile */ = {isa = PBXFileReference; fileEncoding = 4; lastKnownFileType = text; path = Jenkinsfile; sourceTree = "<group>"; };
		4048819E22AC167500228841 /* InventoryUITestsCS3260.swift */ = {isa = PBXFileReference; fileEncoding = 4; lastKnownFileType = sourcecode.swift; path = InventoryUITestsCS3260.swift; sourceTree = "<group>"; };
		404881A022AC194F00228841 /* EditViewController.swift */ = {isa = PBXFileReference; lastKnownFileType = sourcecode.swift; path = EditViewController.swift; sourceTree = "<group>"; };
		404881A222AC196500228841 /* AddViewController.swift */ = {isa = PBXFileReference; lastKnownFileType = sourcecode.swift; path = AddViewController.swift; sourceTree = "<group>"; };
/* End PBXFileReference section */

/* Begin PBXFrameworksBuildPhase section */
		4048816822AC15E800228841 /* Frameworks */ = {
			isa = PBXFrameworksBuildPhase;
			buildActionMask = 2147483647;
			files = (
			);
			runOnlyForDeploymentPostprocessing = 0;
		};
		4048817C22AC15E900228841 /* Frameworks */ = {
			isa = PBXFrameworksBuildPhase;
			buildActionMask = 2147483647;
			files = (
			);
			runOnlyForDeploymentPostprocessing = 0;
		};
		4048818722AC15E900228841 /* Frameworks */ = {
			isa = PBXFrameworksBuildPhase;
			buildActionMask = 2147483647;
			files = (
			);
			runOnlyForDeploymentPostprocessing = 0;
		};
/* End PBXFrameworksBuildPhase section */

/* Begin PBXGroup section */
		4048816222AC15E800228841 = {
			isa = PBXGroup;
			children = (
				4048819C22AC166900228841 /* Jenkinsfile */,
				4048816D22AC15E800228841 /* Inventory */,
				4048818222AC15E900228841 /* InventoryTests */,
				4048818D22AC15E900228841 /* InventoryUITests */,
				4048816C22AC15E800228841 /* Products */,
			);
			sourceTree = "<group>";
		};
		4048816C22AC15E800228841 /* Products */ = {
			isa = PBXGroup;
			children = (
				4048816B22AC15E800228841 /* Inventory.app */,
				4048817F22AC15E900228841 /* InventoryTests.xctest */,
				4048818A22AC15E900228841 /* InventoryUITests.xctest */,
			);
			name = Products;
			sourceTree = "<group>";
		};
		4048816D22AC15E800228841 /* Inventory */ = {
			isa = PBXGroup;
			children = (
				4048816E22AC15E800228841 /* AppDelegate.swift */,
				4048817022AC15E800228841 /* ViewController.swift */,
				4048817222AC15E800228841 /* Main.storyboard */,
				404881A022AC194F00228841 /* EditViewController.swift */,
				404881A222AC196500228841 /* AddViewController.swift */,
				4048817522AC15E900228841 /* Assets.xcassets */,
				4048817722AC15E900228841 /* LaunchScreen.storyboard */,
				4048817A22AC15E900228841 /* Info.plist */,
			);
			path = Inventory;
			sourceTree = "<group>";
		};
		4048818222AC15E900228841 /* InventoryTests */ = {
			isa = PBXGroup;
			children = (
				4048818322AC15E900228841 /* InventoryTests.swift */,
				4048818522AC15E900228841 /* Info.plist */,
			);
			path = InventoryTests;
			sourceTree = "<group>";
		};
		4048818D22AC15E900228841 /* InventoryUITests */ = {
			isa = PBXGroup;
			children = (
				4048819E22AC167500228841 /* InventoryUITestsCS3260.swift */,
				4048818E22AC15E900228841 /* InventoryUITests.swift */,
				4048819022AC15E900228841 /* Info.plist */,
			);
			path = InventoryUITests;
			sourceTree = "<group>";
		};
/* End PBXGroup section */

/* Begin PBXNativeTarget section */
		4048816A22AC15E800228841 /* Inventory */ = {
			isa = PBXNativeTarget;
			buildConfigurationList = 4048819322AC15E900228841 /* Build configuration list for PBXNativeTarget "Inventory" */;
			buildPhases = (
				4048816722AC15E800228841 /* Sources */,
				4048816822AC15E800228841 /* Frameworks */,
				4048816922AC15E800228841 /* Resources */,
			);
			buildRules = (
			);
			dependencies = (
			);
			name = Inventory;
			productName = Inventory;
			productReference = 4048816B22AC15E800228841 /* Inventory.app */;
			productType = "com.apple.product-type.application";
		};
		4048817E22AC15E900228841 /* InventoryTests */ = {
			isa = PBXNativeTarget;
			buildConfigurationList = 4048819622AC15E900228841 /* Build configuration list for PBXNativeTarget "InventoryTests" */;
			buildPhases = (
				4048817B22AC15E900228841 /* Sources */,
				4048817C22AC15E900228841 /* Frameworks */,
				4048817D22AC15E900228841 /* Resources */,
			);
			buildRules = (
			);
			dependencies = (
				4048818122AC15E900228841 /* PBXTargetDependency */,
			);
			name = InventoryTests;
			productName = InventoryTests;
			productReference = 4048817F22AC15E900228841 /* InventoryTests.xctest */;
			productType = "com.apple.product-type.bundle.unit-test";
		};
		4048818922AC15E900228841 /* InventoryUITests */ = {
			isa = PBXNativeTarget;
			buildConfigurationList = 4048819922AC15E900228841 /* Build configuration list for PBXNativeTarget "InventoryUITests" */;
			buildPhases = (
				4048818622AC15E900228841 /* Sources */,
				4048818722AC15E900228841 /* Frameworks */,
				4048818822AC15E900228841 /* Resources */,
			);
			buildRules = (
			);
			dependencies = (
				4048818C22AC15E900228841 /* PBXTargetDependency */,
			);
			name = InventoryUITests;
			productName = InventoryUITests;
			productReference = 4048818A22AC15E900228841 /* InventoryUITests.xctest */;
			productType = "com.apple.product-type.bundle.ui-testing";
		};
/* End PBXNativeTarget section */

/* Begin PBXProject section */
		4048816322AC15E800228841 /* Project object */ = {
			isa = PBXProject;
			attributes = {
				LastSwiftUpdateCheck = 1020;
				LastUpgradeCheck = 1020;
				ORGANIZATIONNAME = "Kyle McArthur";
				TargetAttributes = {
					4048816A22AC15E800228841 = {
						CreatedOnToolsVersion = 10.2.1;
					};
					4048817E22AC15E900228841 = {
						CreatedOnToolsVersion = 10.2.1;
						TestTargetID = 4048816A22AC15E800228841;
					};
					4048818922AC15E900228841 = {
						CreatedOnToolsVersion = 10.2.1;
						TestTargetID = 4048816A22AC15E800228841;
					};
				};
			};
			buildConfigurationList = 4048816622AC15E800228841 /* Build configuration list for PBXProject "Inventory" */;
			compatibilityVersion = "Xcode 9.3";
			developmentRegion = en;
			hasScannedForEncodings = 0;
			knownRegions = (
				en,
				Base,
			);
			mainGroup = 4048816222AC15E800228841;
			productRefGroup = 4048816C22AC15E800228841 /* Products */;
			projectDirPath = "";
			projectRoot = "";
			targets = (
				4048816A22AC15E800228841 /* Inventory */,
				4048817E22AC15E900228841 /* InventoryTests */,
				4048818922AC15E900228841 /* InventoryUITests */,
			);
		};
/* End PBXProject section */

/* Begin PBXResourcesBuildPhase section */
		4048816922AC15E800228841 /* Resources */ = {
			isa = PBXResourcesBuildPhase;
			buildActionMask = 2147483647;
			files = (
				4048817922AC15E900228841 /* LaunchScreen.storyboard in Resources */,
				4048819D22AC166900228841 /* Jenkinsfile in Resources */,
				4048817622AC15E900228841 /* Assets.xcassets in Resources */,
				4048817422AC15E800228841 /* Main.storyboard in Resources */,
			);
			runOnlyForDeploymentPostprocessing = 0;
		};
		4048817D22AC15E900228841 /* Resources */ = {
			isa = PBXResourcesBuildPhase;
			buildActionMask = 2147483647;
			files = (
			);
			runOnlyForDeploymentPostprocessing = 0;
		};
		4048818822AC15E900228841 /* Resources */ = {
			isa = PBXResourcesBuildPhase;
			buildActionMask = 2147483647;
			files = (
			);
			runOnlyForDeploymentPostprocessing = 0;
		};
/* End PBXResourcesBuildPhase section */

/* Begin PBXSourcesBuildPhase section */
		4048816722AC15E800228841 /* Sources */ = {
			isa = PBXSourcesBuildPhase;
			buildActionMask = 2147483647;
			files = (
				4048817122AC15E800228841 /* ViewController.swift in Sources */,
				4048816F22AC15E800228841 /* AppDelegate.swift in Sources */,
				404881A322AC196500228841 /* AddViewController.swift in Sources */,
				404881A122AC194F00228841 /* EditViewController.swift in Sources */,
			);
			runOnlyForDeploymentPostprocessing = 0;
		};
		4048817B22AC15E900228841 /* Sources */ = {
			isa = PBXSourcesBuildPhase;
			buildActionMask = 2147483647;
			files = (
				4048818422AC15E900228841 /* InventoryTests.swift in Sources */,
			);
			runOnlyForDeploymentPostprocessing = 0;
		};
		4048818622AC15E900228841 /* Sources */ = {
			isa = PBXSourcesBuildPhase;
			buildActionMask = 2147483647;
			files = (
				4048818F22AC15E900228841 /* InventoryUITests.swift in Sources */,
				4048819F22AC167500228841 /* InventoryUITestsCS3260.swift in Sources */,
			);
			runOnlyForDeploymentPostprocessing = 0;
		};
/* End PBXSourcesBuildPhase section */

/* Begin PBXTargetDependency section */
		4048818122AC15E900228841 /* PBXTargetDependency */ = {
			isa = PBXTargetDependency;
			target = 4048816A22AC15E800228841 /* Inventory */;
			targetProxy = 4048818022AC15E900228841 /* PBXContainerItemProxy */;
		};
		4048818C22AC15E900228841 /* PBXTargetDependency */ = {
			isa = PBXTargetDependency;
			target = 4048816A22AC15E800228841 /* Inventory */;
			targetProxy = 4048818B22AC15E900228841 /* PBXContainerItemProxy */;
		};
/* End PBXTargetDependency section */

/* Begin PBXVariantGroup section */
		4048817222AC15E800228841 /* Main.storyboard */ = {
			isa = PBXVariantGroup;
			children = (
				4048817322AC15E800228841 /* Base */,
			);
			name = Main.storyboard;
			sourceTree = "<group>";
		};
		4048817722AC15E900228841 /* LaunchScreen.storyboard */ = {
			isa = PBXVariantGroup;
			children = (
				4048817822AC15E900228841 /* Base */,
			);
			name = LaunchScreen.storyboard;
			sourceTree = "<group>";
		};
/* End PBXVariantGroup section */

/* Begin XCBuildConfiguration section */
		4048819122AC15E900228841 /* Debug */ = {
			isa = XCBuildConfiguration;
			buildSettings = {
				ALWAYS_SEARCH_USER_PATHS = NO;
				CLANG_ANALYZER_NONNULL = YES;
				CLANG_ANALYZER_NUMBER_OBJECT_CONVERSION = YES_AGGRESSIVE;
				CLANG_CXX_LANGUAGE_STANDARD = "gnu++14";
				CLANG_CXX_LIBRARY = "libc++";
				CLANG_ENABLE_MODULES = YES;
				CLANG_ENABLE_OBJC_ARC = YES;
				CLANG_ENABLE_OBJC_WEAK = YES;
				CLANG_WARN_BLOCK_CAPTURE_AUTORELEASING = YES;
				CLANG_WARN_BOOL_CONVERSION = YES;
				CLANG_WARN_COMMA = YES;
				CLANG_WARN_CONSTANT_CONVERSION = YES;
				CLANG_WARN_DEPRECATED_OBJC_IMPLEMENTATIONS = YES;
				CLANG_WARN_DIRECT_OBJC_ISA_USAGE = YES_ERROR;
				CLANG_WARN_DOCUMENTATION_COMMENTS = YES;
				CLANG_WARN_EMPTY_BODY = YES;
				CLANG_WARN_ENUM_CONVERSION = YES;
				CLANG_WARN_INFINITE_RECURSION = YES;
				CLANG_WARN_INT_CONVERSION = YES;
				CLANG_WARN_NON_LITERAL_NULL_CONVERSION = YES;
				CLANG_WARN_OBJC_IMPLICIT_RETAIN_SELF = YES;
				CLANG_WARN_OBJC_LITERAL_CONVERSION = YES;
				CLANG_WARN_OBJC_ROOT_CLASS = YES_ERROR;
				CLANG_WARN_RANGE_LOOP_ANALYSIS = YES;
				CLANG_WARN_STRICT_PROTOTYPES = YES;
				CLANG_WARN_SUSPICIOUS_MOVE = YES;
				CLANG_WARN_UNGUARDED_AVAILABILITY = YES_AGGRESSIVE;
				CLANG_WARN_UNREACHABLE_CODE = YES;
				CLANG_WARN__DUPLICATE_METHOD_MATCH = YES;
				CODE_SIGN_IDENTITY = "iPhone Developer";
				COPY_PHASE_STRIP = NO;
				DEBUG_INFORMATION_FORMAT = dwarf;
				ENABLE_STRICT_OBJC_MSGSEND = YES;
				ENABLE_TESTABILITY = YES;
				GCC_C_LANGUAGE_STANDARD = gnu11;
				GCC_DYNAMIC_NO_PIC = NO;
				GCC_NO_COMMON_BLOCKS = YES;
				GCC_OPTIMIZATION_LEVEL = 0;
				GCC_PREPROCESSOR_DEFINITIONS = (
					"DEBUG=1",
					"$(inherited)",
				);
				GCC_WARN_64_TO_32_BIT_CONVERSION = YES;
				GCC_WARN_ABOUT_RETURN_TYPE = YES_ERROR;
				GCC_WARN_UNDECLARED_SELECTOR = YES;
				GCC_WARN_UNINITIALIZED_AUTOS = YES_AGGRESSIVE;
				GCC_WARN_UNUSED_FUNCTION = YES;
				GCC_WARN_UNUSED_VARIABLE = YES;
				IPHONEOS_DEPLOYMENT_TARGET = 12.1;
				MTL_ENABLE_DEBUG_INFO = INCLUDE_SOURCE;
				MTL_FAST_MATH = YES;
				ONLY_ACTIVE_ARCH = YES;
				SDKROOT = iphoneos;
				SWIFT_ACTIVE_COMPILATION_CONDITIONS = DEBUG;
				SWIFT_OPTIMIZATION_LEVEL = "-Onone";
			};
			name = Debug;
		};
		4048819222AC15E900228841 /* Release */ = {
			isa = XCBuildConfiguration;
			buildSettings = {
				ALWAYS_SEARCH_USER_PATHS = NO;
				CLANG_ANALYZER_NONNULL = YES;
				CLANG_ANALYZER_NUMBER_OBJECT_CONVERSION = YES_AGGRESSIVE;
				CLANG_CXX_LANGUAGE_STANDARD = "gnu++14";
				CLANG_CXX_LIBRARY = "libc++";
				CLANG_ENABLE_MODULES = YES;
				CLANG_ENABLE_OBJC_ARC = YES;
				CLANG_ENABLE_OBJC_WEAK = YES;
				CLANG_WARN_BLOCK_CAPTURE_AUTORELEASING = YES;
				CLANG_WARN_BOOL_CONVERSION = YES;
				CLANG_WARN_COMMA = YES;
				CLANG_WARN_CONSTANT_CONVERSION = YES;
				CLANG_WARN_DEPRECATED_OBJC_IMPLEMENTATIONS = YES;
				CLANG_WARN_DIRECT_OBJC_ISA_USAGE = YES_ERROR;
				CLANG_WARN_DOCUMENTATION_COMMENTS = YES;
				CLANG_WARN_EMPTY_BODY = YES;
				CLANG_WARN_ENUM_CONVERSION = YES;
				CLANG_WARN_INFINITE_RECURSION = YES;
				CLANG_WARN_INT_CONVERSION = YES;
				CLANG_WARN_NON_LITERAL_NULL_CONVERSION = YES;
				CLANG_WARN_OBJC_IMPLICIT_RETAIN_SELF = YES;
				CLANG_WARN_OBJC_LITERAL_CONVERSION = YES;
				CLANG_WARN_OBJC_ROOT_CLASS = YES_ERROR;
				CLANG_WARN_RANGE_LOOP_ANALYSIS = YES;
				CLANG_WARN_STRICT_PROTOTYPES = YES;
				CLANG_WARN_SUSPICIOUS_MOVE = YES;
				CLANG_WARN_UNGUARDED_AVAILABILITY = YES_AGGRESSIVE;
				CLANG_WARN_UNREACHABLE_CODE = YES;
				CLANG_WARN__DUPLICATE_METHOD_MATCH = YES;
				CODE_SIGN_IDENTITY = "iPhone Developer";
				COPY_PHASE_STRIP = NO;
				DEBUG_INFORMATION_FORMAT = "dwarf-with-dsym";
				ENABLE_NS_ASSERTIONS = NO;
				ENABLE_STRICT_OBJC_MSGSEND = YES;
				GCC_C_LANGUAGE_STANDARD = gnu11;
				GCC_NO_COMMON_BLOCKS = YES;
				GCC_WARN_64_TO_32_BIT_CONVERSION = YES;
				GCC_WARN_ABOUT_RETURN_TYPE = YES_ERROR;
				GCC_WARN_UNDECLARED_SELECTOR = YES;
				GCC_WARN_UNINITIALIZED_AUTOS = YES_AGGRESSIVE;
				GCC_WARN_UNUSED_FUNCTION = YES;
				GCC_WARN_UNUSED_VARIABLE = YES;
				IPHONEOS_DEPLOYMENT_TARGET = 12.1;
				MTL_ENABLE_DEBUG_INFO = NO;
				MTL_FAST_MATH = YES;
				SDKROOT = iphoneos;
				SWIFT_COMPILATION_MODE = wholemodule;
				SWIFT_OPTIMIZATION_LEVEL = "-O";
				VALIDATE_PRODUCT = YES;
			};
			name = Release;
		};
		4048819422AC15E900228841 /* Debug */ = {
			isa = XCBuildConfiguration;
			buildSettings = {
				ASSETCATALOG_COMPILER_APPICON_NAME = AppIcon;
				CODE_SIGN_STYLE = Automatic;
				INFOPLIST_FILE = Inventory/Info.plist;
				LD_RUNPATH_SEARCH_PATHS = (
					"$(inherited)",
					"@executable_path/Frameworks",
				);
				PRODUCT_BUNDLE_IDENTIFIER = com.kylemcarthur.Inventory;
				PRODUCT_NAME = "$(TARGET_NAME)";
				SWIFT_VERSION = 4.2;
				TARGETED_DEVICE_FAMILY = "1,2";
			};
			name = Debug;
		};
		4048819522AC15E900228841 /* Release */ = {
			isa = XCBuildConfiguration;
			buildSettings = {
				ASSETCATALOG_COMPILER_APPICON_NAME = AppIcon;
				CODE_SIGN_STYLE = Automatic;
				INFOPLIST_FILE = Inventory/Info.plist;
				LD_RUNPATH_SEARCH_PATHS = (
					"$(inherited)",
					"@executable_path/Frameworks",
				);
				PRODUCT_BUNDLE_IDENTIFIER = com.kylemcarthur.Inventory;
				PRODUCT_NAME = "$(TARGET_NAME)";
				SWIFT_VERSION = 4.2;
				TARGETED_DEVICE_FAMILY = "1,2";
			};
			name = Release;
		};
		4048819722AC15E900228841 /* Debug */ = {
			isa = XCBuildConfiguration;
			buildSettings = {
				ALWAYS_EMBED_SWIFT_STANDARD_LIBRARIES = YES;
				BUNDLE_LOADER = "$(TEST_HOST)";
				CODE_SIGN_STYLE = Automatic;
				INFOPLIST_FILE = InventoryTests/Info.plist;
				LD_RUNPATH_SEARCH_PATHS = (
					"$(inherited)",
					"@executable_path/Frameworks",
					"@loader_path/Frameworks",
				);
				PRODUCT_BUNDLE_IDENTIFIER = com.kylemcarthur.InventoryTests;
				PRODUCT_NAME = "$(TARGET_NAME)";
				SWIFT_VERSION = 4.2;
				TARGETED_DEVICE_FAMILY = "1,2";
				TEST_HOST = "$(BUILT_PRODUCTS_DIR)/Inventory.app/Inventory";
			};
			name = Debug;
		};
		4048819822AC15E900228841 /* Release */ = {
			isa = XCBuildConfiguration;
			buildSettings = {
				ALWAYS_EMBED_SWIFT_STANDARD_LIBRARIES = YES;
				BUNDLE_LOADER = "$(TEST_HOST)";
				CODE_SIGN_STYLE = Automatic;
				INFOPLIST_FILE = InventoryTests/Info.plist;
				LD_RUNPATH_SEARCH_PATHS = (
					"$(inherited)",
					"@executable_path/Frameworks",
					"@loader_path/Frameworks",
				);
				PRODUCT_BUNDLE_IDENTIFIER = com.kylemcarthur.InventoryTests;
				PRODUCT_NAME = "$(TARGET_NAME)";
				SWIFT_VERSION = 4.2;
				TARGETED_DEVICE_FAMILY = "1,2";
				TEST_HOST = "$(BUILT_PRODUCTS_DIR)/Inventory.app/Inventory";
			};
			name = Release;
		};
		4048819A22AC15E900228841 /* Debug */ = {
			isa = XCBuildConfiguration;
			buildSettings = {
				ALWAYS_EMBED_SWIFT_STANDARD_LIBRARIES = YES;
				CODE_SIGN_STYLE = Automatic;
				INFOPLIST_FILE = InventoryUITests/Info.plist;
				LD_RUNPATH_SEARCH_PATHS = (
					"$(inherited)",
					"@executable_path/Frameworks",
					"@loader_path/Frameworks",
				);
				PRODUCT_BUNDLE_IDENTIFIER = com.kylemcarthur.InventoryUITests;
				PRODUCT_NAME = "$(TARGET_NAME)";
				SWIFT_VERSION = 4.2;
				TARGETED_DEVICE_FAMILY = "1,2";
				TEST_TARGET_NAME = Inventory;
			};
			name = Debug;
		};
		4048819B22AC15E900228841 /* Release */ = {
			isa = XCBuildConfiguration;
			buildSettings = {
				ALWAYS_EMBED_SWIFT_STANDARD_LIBRARIES = YES;
				CODE_SIGN_STYLE = Automatic;
				INFOPLIST_FILE = InventoryUITests/Info.plist;
				LD_RUNPATH_SEARCH_PATHS = (
					"$(inherited)",
					"@executable_path/Frameworks",
					"@loader_path/Frameworks",
				);
				PRODUCT_BUNDLE_IDENTIFIER = com.kylemcarthur.InventoryUITests;
				PRODUCT_NAME = "$(TARGET_NAME)";
				SWIFT_VERSION = 4.2;
				TARGETED_DEVICE_FAMILY = "1,2";
				TEST_TARGET_NAME = Inventory;
			};
			name = Release;
		};
/* End XCBuildConfiguration section */

/* Begin XCConfigurationList section */
		4048816622AC15E800228841 /* Build configuration list for PBXProject "Inventory" */ = {
			isa = XCConfigurationList;
			buildConfigurations = (
				4048819122AC15E900228841 /* Debug */,
				4048819222AC15E900228841 /* Release */,
			);
			defaultConfigurationIsVisible = 0;
			defaultConfigurationName = Release;
		};
		4048819322AC15E900228841 /* Build configuration list for PBXNativeTarget "Inventory" */ = {
			isa = XCConfigurationList;
			buildConfigurations = (
				4048819422AC15E900228841 /* Debug */,
				4048819522AC15E900228841 /* Release */,
			);
			defaultConfigurationIsVisible = 0;
			defaultConfigurationName = Release;
		};
		4048819622AC15E900228841 /* Build configuration list for PBXNativeTarget "InventoryTests" */ = {
			isa = XCConfigurationList;
			buildConfigurations = (
				4048819722AC15E900228841 /* Debug */,
				4048819822AC15E900228841 /* Release */,
			);
			defaultConfigurationIsVisible = 0;
			defaultConfigurationName = Release;
		};
		4048819922AC15E900228841 /* Build configuration list for PBXNativeTarget "InventoryUITests" */ = {
			isa = XCConfigurationList;
			buildConfigurations = (
				4048819A22AC15E900228841 /* Debug */,
				4048819B22AC15E900228841 /* Release */,
			);
			defaultConfigurationIsVisible = 0;
			defaultConfigurationName = Release;
		};
/* End XCConfigurationList section */
	};
	rootObject = 4048816322AC15E800228841 /* Project object */;
}
